
Microsoft Visual Studio Solution File, Format Version 12.00
# Visual Studio Version 17
VisualStudioVersion = 17.10.35013.160
MinimumVisualStudioVersion = 10.0.40219.1
Project("{9A19103F-16F7-4668-BE54-9A1E7A4F7556}") = "BookShop", "BookShop.csproj", "{4A36FB27-575B-4896-BDC0-B0014916C41B}"
EndProject
Project("{9A19103F-16F7-4668-BE54-9A1E7A4F7556}") = "BookShop.Data", "..\BookShop.Data\BookShop.Data.csproj", "{AA512D27-072C-46F5-B3AF-2106BCDC2FDD}"
EndProject
Project("{9A19103F-16F7-4668-BE54-9A1E7A4F7556}") = "BookShop.Models", "..\BookShop.Models\BookShop.Models.csproj", "{10977140-B4D7-4895-8B3A-2BC97C66500C}"
EndProject
Project("{FAE04EC0-301F-11D3-BF4B-00C04F79EFBC}") = "BookShop.Initializer", "..\BookShop.Initializer\BookShop.Initializer.csproj", "{48C4368E-6A1D-4DB5-9B6E-087EE6EDB7E8}"
EndProject
Global
	GlobalSection(SolutionConfigurationPlatforms) = preSolution
		Debug|Any CPU = Debug|Any CPU
		Release|Any CPU = Release|Any CPU
	EndGlobalSection
	GlobalSection(ProjectConfigurationPlatforms) = postSolution
		{4A36FB27-575B-4896-BDC0-B0014916C41B}.Debug|Any CPU.ActiveCfg = Debug|Any CPU
		{4A36FB27-575B-4896-BDC0-B0014916C41B}.Debug|Any CPU.Build.0 = Debug|Any CPU
		{4A36FB27-575B-4896-BDC0-B0014916C41B}.Release|Any CPU.ActiveCfg = Release|Any CPU
		{4A36FB27-575B-4896-BDC0-B0014916C41B}.Release|Any CPU.Build.0 = Release|Any CPU
		{AA512D27-072C-46F5-B3AF-2106BCDC2FDD}.Debug|Any CPU.ActiveCfg = Debug|Any CPU
		{AA512D27-072C-46F5-B3AF-2106BCDC2FDD}.Debug|Any CPU.Build.0 = Debug|Any CPU
		{AA512D27-072C-46F5-B3AF-2106BCDC2FDD}.Release|Any CPU.ActiveCfg = Release|Any CPU
		{AA512D27-072C-46F5-B3AF-2106BCDC2FDD}.Release|Any CPU.Build.0 = Release|Any CPU
		{10977140-B4D7-4895-8B3A-2BC97C66500C}.Debug|Any CPU.ActiveCfg = Debug|Any CPU
		{10977140-B4D7-4895-8B3A-2BC97C66500C}.Debug|Any CPU.Build.0 = Debug|Any CPU
		{10977140-B4D7-4895-8B3A-2BC97C66500C}.Release|Any CPU.ActiveCfg = Release|Any CPU
		{10977140-B4D7-4895-8B3A-2BC97C66500C}.Release|Any CPU.Build.0 = Release|Any CPU
		{48C4368E-6A1D-4DB5-9B6E-087EE6EDB7E8}.Debug|Any CPU.ActiveCfg = Debug|Any CPU
		{48C4368E-6A1D-4DB5-9B6E-087EE6EDB7E8}.Debug|Any CPU.Build.0 = Debug|Any CPU
		{48C4368E-6A1D-4DB5-9B6E-087EE6EDB7E8}.Release|Any CPU.ActiveCfg = Release|Any CPU
		{48C4368E-6A1D-4DB5-9B6E-087EE6EDB7E8}.Release|Any CPU.Build.0 = Release|Any CPU
	EndGlobalSection
	GlobalSection(SolutionProperties) = preSolution
		HideSolutionNode = FALSE
	EndGlobalSection
	GlobalSection(ExtensibilityGlobals) = postSolution
		SolutionGuid = {205DAC03-59E3-4559-9DE3-98682EF33501}
	EndGlobalSection
EndGlobal
